[[package]]
name = "alabaster"
version = "1.0.0"
description = "A light, configurable Sphinx theme"
category = "main"
optional = false
python-versions = ">=3.10"

[[package]]
name = "anyio"
version = "4.9.0"
description = "High level compatibility layer for multiple asynchronous event loop implementations"
category = "main"
optional = false
python-versions = ">=3.9"

[package.dependencies]
exceptiongroup = {version = ">=1.0.2", markers = "python_version < \"3.11\""}
idna = ">=2.8"
sniffio = ">=1.1"
typing_extensions = {version = ">=4.5", markers = "python_version < \"3.13\""}

[package.extras]
trio = ["trio (>=0.26.1)"]
test = ["anyio", "blockbuster (>=1.5.23)", "coverage[toml] (>=7)", "exceptiongroup (>=1.2.0)", "hypothesis (>=4.0)", "psutil (>=5.9)", "pytest (>=7.0)", "trustme", "truststore (>=0.9.1)", "uvloop (>=0.21)"]
doc = ["packaging", "Sphinx (>=8.2,<9.0)", "sphinx-rtd-theme", "sphinx-autodoc-typehints (>=1.2.0)"]

[[package]]
name = "arrow"
version = "1.3.0"
description = "Better dates & times for Python"
category = "main"
optional = false
python-versions = ">=3.8"

[package.dependencies]
python-dateutil = ">=2.7.0"
types-python-dateutil = ">=2.8.10"

[package.extras]
doc = ["doc8", "sphinx (>=7.0.0)", "sphinx-autobuild", "sphinx-autodoc-typehints", "sphinx_rtd_theme (>=1.3.0)"]
test = ["dateparser (>=1.0.0,<2.0.0)", "pre-commit", "pytest", "pytest-cov", "pytest-mock", "pytz (==2021.1)", "simplejson (>=3.0.0,<4.0.0)"]

[[package]]
name = "attrs"
version = "25.3.0"
description = "Classes Without Boilerplate"
category = "main"
optional = false
python-versions = ">=3.8"

[package.extras]
benchmark = ["cloudpickle", "hypothesis", "mypy (>=1.11.1)", "pympler", "pytest-codspeed", "pytest-mypy-plugins", "pytest-xdist", "pytest (>=4.3.0)"]
cov = ["cloudpickle", "coverage[toml] (>=5.3)", "hypothesis", "mypy (>=1.11.1)", "pympler", "pytest-mypy-plugins", "pytest-xdist", "pytest (>=4.3.0)"]
dev = ["cloudpickle", "hypothesis", "mypy (>=1.11.1)", "pre-commit-uv", "pympler", "pytest-mypy-plugins", "pytest-xdist", "pytest (>=4.3.0)"]
docs = ["cogapp", "furo", "myst-parser", "sphinx", "sphinx-notfound-page", "sphinxcontrib-towncrier", "towncrier"]
tests = ["cloudpickle", "hypothesis", "mypy (>=1.11.1)", "pympler", "pytest-mypy-plugins", "pytest-xdist", "pytest (>=4.3.0)"]
tests-mypy = ["mypy (>=1.11.1)", "pytest-mypy-plugins"]

[[package]]
name = "babel"
version = "2.17.0"
description = "Internationalization utilities"
category = "main"
optional = false
python-versions = ">=3.8"

[package.extras]
dev = ["tzdata", "backports.zoneinfo", "freezegun (>=1.0,<2.0)", "jinja2 (>=3.0)", "pytest-cov", "pytest (>=6.0)", "pytz", "setuptools"]

[[package]]
name = "beautifulsoup4"
version = "4.13.3"
description = "Screen-scraping library"
category = "main"
optional = false
python-versions = ">=3.7.0"

[package.dependencies]
soupsieve = ">1.2"
typing-extensions = ">=4.0.0"

[package.extras]
cchardet = ["cchardet"]
chardet = ["chardet"]
charset-normalizer = ["charset-normalizer"]
html5lib = ["html5lib"]
lxml = ["lxml"]

[[package]]
name = "bibtexparser"
version = "1.4.3"
description = "Bibtex parser for python 3"
category = "main"
optional = false
python-versions = "*"

[package.dependencies]
pyparsing = ">=2.0.3"

[[package]]
name = "certifi"
version = "2025.1.31"
description = "Python package for providing Mozilla's CA Bundle."
category = "main"
optional = false
python-versions = ">=3.6"

[[package]]
name = "cffi"
version = "1.17.1"
description = "Foreign Function Interface for Python calling C code."
category = "main"
optional = false
python-versions = ">=3.8"

[package.dependencies]
pycparser = "*"

[[package]]
name = "charset-normalizer"
version = "3.4.1"
description = "The Real First Universal Charset Detector. Open, modern and actively maintained alternative to Chardet."
category = "main"
optional = false
python-versions = ">=3.7"

[[package]]
name = "colorama"
version = "0.4.6"
description = "Cross-platform colored terminal text."
category = "main"
optional = false
python-versions = "!=3.0.*,!=3.1.*,!=3.2.*,!=3.3.*,!=3.4.*,!=3.5.*,!=3.6.*,>=2.7"

[[package]]
name = "deprecated"
version = "1.2.18"
description = "Python @deprecated decorator to deprecate old python classes, functions or methods."
category = "main"
optional = false
python-versions = "!=3.0.*,!=3.1.*,!=3.2.*,!=3.3.*,>=2.7"

[package.dependencies]
wrapt = ">=1.10,<2"

[package.extras]
dev = ["tox", "pytest", "pytest-cov", "bump2version (<1)", "setuptools"]

[[package]]
name = "docutils"
version = "0.21.2"
description = "Docutils -- Python Documentation Utilities"
category = "main"
optional = false
python-versions = ">=3.9"

[[package]]
name = "exceptiongroup"
version = "1.2.2"
description = "Backport of PEP 654 (exception groups)"
category = "main"
optional = false
python-versions = ">=3.7"

[package.extras]
test = ["pytest (>=6)"]

[[package]]
name = "fake-useragent"
version = "2.1.0"
description = "Up-to-date simple useragent faker with real world database"
category = "main"
optional = false
python-versions = ">=3.9"

[[package]]
name = "free-proxy"
version = "1.1.3"
description = "Proxy scraper for further use"
category = "main"
optional = false
python-versions = ">=3.6"

[package.dependencies]
lxml = "*"
requests = "*"

[[package]]
name = "h11"
version = "0.14.0"
description = "A pure-Python, bring-your-own-I/O implementation of HTTP/1.1"
category = "main"
optional = false
python-versions = ">=3.7"

[[package]]
name = "httpcore"
version = "1.0.7"
description = "A minimal low-level HTTP client."
category = "main"
optional = false
python-versions = ">=3.8"

[package.dependencies]
certifi = "*"
h11 = ">=0.13,<0.15"

[package.extras]
asyncio = ["anyio (>=4.0,<5.0)"]
http2 = ["h2 (>=3,<5)"]
socks = ["socksio (>=1.0.0,<2.0.0)"]
trio = ["trio (>=0.22.0,<1.0)"]

[[package]]
name = "httpx"
version = "0.28.1"
description = "The next generation HTTP client."
category = "main"
optional = false
python-versions = ">=3.8"

[package.dependencies]
anyio = "*"
certifi = "*"
httpcore = ">=1.0.0,<2.0.0"
idna = "*"

[package.extras]
brotli = ["brotli", "brotlicffi"]
cli = ["click (>=8.0.0,<9.0.0)", "pygments (>=2.0.0,<3.0.0)", "rich (>=10,<14)"]
http2 = ["h2 (>=3,<5)"]
socks = ["socksio (>=1.0.0,<2.0.0)"]
zstd = ["zstandard (>=0.18.0)"]

[[package]]
name = "idna"
version = "3.10"
description = "Internationalized Domain Names in Applications (IDNA)"
category = "main"
optional = false
python-versions = ">=3.6"

[package.extras]
all = ["ruff (>=0.6.2)", "mypy (>=1.11.2)", "pytest (>=8.3.2)", "flake8 (>=7.1.1)"]

[[package]]
name = "imagesize"
version = "1.4.1"
description = "Getting image size from png/jpeg/jpeg2000/gif file"
category = "main"
optional = false
python-versions = ">=2.7, !=3.0.*, !=3.1.*, !=3.2.*, !=3.3.*"

[[package]]
name = "jinja2"
version = "3.1.6"
description = "A very fast and expressive template engine."
category = "main"
optional = false
python-versions = ">=3.7"

[package.dependencies]
MarkupSafe = ">=2.0"

[package.extras]
i18n = ["Babel (>=2.7)"]

[[package]]
name = "lxml"
version = "5.3.1"
description = "Powerful and Pythonic XML processing library combining libxml2/libxslt with the ElementTree API."
category = "main"
optional = false
python-versions = ">=3.6"

[package.extras]
source = ["Cython (>=3.0.11,<3.1.0)"]
cssselect = ["cssselect (>=0.7)"]
html5 = ["html5lib"]
htmlsoup = ["beautifulsoup4"]
html-clean = ["lxml-html-clean"]

[[package]]
name = "markupsafe"
version = "3.0.2"
description = "Safely add untrusted strings to HTML/XML markup."
category = "main"
optional = false
python-versions = ">=3.9"

[[package]]
name = "outcome"
version = "1.3.0.post0"
description = "Capture the outcome of Python function calls."
category = "main"
optional = false
python-versions = ">=3.7"

[package.dependencies]
attrs = ">=19.2.0"

[[package]]
name = "packaging"
version = "24.2"
description = "Core utilities for Python packages"
category = "main"
optional = false
python-versions = ">=3.8"

[[package]]
name = "pycparser"
version = "2.22"
description = "C parser in Python"
category = "main"
optional = false
python-versions = ">=3.8"

[[package]]
name = "pygments"
version = "2.19.1"
description = "Pygments is a syntax highlighting package written in Python."
category = "main"
optional = false
python-versions = ">=3.8"

[package.extras]
windows-terminal = ["colorama (>=0.4.6)"]

[[package]]
name = "pyparsing"
version = "3.2.3"
description = "pyparsing module - Classes and methods to define and execute parsing grammars"
category = "main"
optional = false
python-versions = ">=3.9"

[package.extras]
diagrams = ["railroad-diagrams", "jinja2"]

[[package]]
name = "pysocks"
version = "1.7.1"
description = "A Python SOCKS client module. See https://github.com/Anorov/PySocks for more information."
category = "main"
optional = false
python-versions = ">=2.7, !=3.0.*, !=3.1.*, !=3.2.*, !=3.3.*"

[[package]]
name = "python-dateutil"
version = "2.9.0.post0"
description = "Extensions to the standard Python datetime module"
category = "main"
optional = false
python-versions = "!=3.0.*,!=3.1.*,!=3.2.*,>=2.7"

[package.dependencies]
six = ">=1.5"

[[package]]
name = "python-dotenv"
version = "1.1.0"
description = "Read key-value pairs from a .env file and set them as environment variables"
category = "main"
optional = false
python-versions = ">=3.9"

[package.extras]
cli = ["click (>=5.0)"]

[[package]]
name = "requests"
version = "2.32.3"
description = "Python HTTP for Humans."
category = "main"
optional = false
python-versions = ">=3.8"

[package.dependencies]
certifi = ">=2017.4.17"
charset-normalizer = ">=2,<4"
idna = ">=2.5,<4"
PySocks = {version = ">=1.5.6,<1.5.7 || >1.5.7", optional = true, markers = "extra == \"socks\""}
urllib3 = ">=1.21.1,<3"

[package.extras]
socks = ["PySocks (>=1.5.6,!=1.5.7)"]
use-chardet-on-py3 = ["chardet (>=3.0.2,<6)"]

[[package]]
name = "scholarly"
version = "1.7.11"
description = "Simple access to Google Scholar authors and citations"
category = "main"
optional = false
python-versions = "*"

[package.dependencies]
arrow = "*"
beautifulsoup4 = "*"
bibtexparser = "*"
deprecated = "*"
fake-useragent = "*"
free-proxy = "*"
httpx = "*"
python-dotenv = "*"
requests = {version = "*", extras = ["socks"]}
selenium = "*"
sphinx-rtd-theme = "*"
typing-extensions = "*"

[package.extras]
tor = ["stem"]

[[package]]
name = "selenium"
version = "4.30.0"
description = "Official Python bindings for Selenium WebDriver"
category = "main"
optional = false
python-versions = ">=3.9"

[package.dependencies]
certifi = ">=2021.10.8"
trio = ">=0.17,<1.0"
trio-websocket = ">=0.9,<1.0"
typing_extensions = ">=4.9,<5.0"
urllib3 = {version = ">=1.26,<3", extras = ["socks"]}
websocket-client = ">=1.8,<2.0"

[[package]]
name = "six"
version = "1.17.0"
description = "Python 2 and 3 compatibility utilities"
category = "main"
optional = false
python-versions = "!=3.0.*,!=3.1.*,!=3.2.*,>=2.7"

[[package]]
name = "sniffio"
version = "1.3.1"
description = "Sniff out which async library your code is running under"
category = "main"
optional = false
python-versions = ">=3.7"

[[package]]
name = "snowballstemmer"
version = "2.2.0"
description = "This package provides 29 stemmers for 28 languages generated from Snowball algorithms."
category = "main"
optional = false
python-versions = "*"

[[package]]
name = "sortedcontainers"
version = "2.4.0"
description = "Sorted Containers -- Sorted List, Sorted Dict, Sorted Set"
category = "main"
optional = false
python-versions = "*"

[[package]]
name = "soupsieve"
version = "2.6"
description = "A modern CSS selector implementation for Beautiful Soup."
category = "main"
optional = false
python-versions = ">=3.8"

[[package]]
name = "sphinx"
version = "8.1.3"
description = "Python documentation generator"
category = "main"
optional = false
python-versions = ">=3.10"

[package.dependencies]
alabaster = ">=0.7.14"
babel = ">=2.13"
colorama = {version = ">=0.4.6", markers = "sys_platform == \"win32\""}
docutils = ">=0.20,<0.22"
imagesize = ">=1.3"
Jinja2 = ">=3.1"
packaging = ">=23.0"
Pygments = ">=2.17"
requests = ">=2.30.0"
snowballstemmer = ">=2.2"
sphinxcontrib-applehelp = ">=1.0.7"
sphinxcontrib-devhelp = ">=1.0.6"
sphinxcontrib-htmlhelp = ">=2.0.6"
sphinxcontrib-jsmath = ">=1.0.1"
sphinxcontrib-qthelp = ">=1.0.6"
sphinxcontrib-serializinghtml = ">=1.1.9"
tomli = {version = ">=2", markers = "python_version < \"3.11\""}

[package.extras]
docs = ["sphinxcontrib-websupport"]
lint = ["flake8 (>=6.0)", "ruff (==0.6.9)", "mypy (==1.11.1)", "sphinx-lint (>=0.9)", "types-colorama (==0.4.15.20240311)", "types-defusedxml (==0.7.0.20240218)", "types-docutils (==0.21.0.20241005)", "types-Pillow (==10.2.0.20240822)", "types-Pygments (==2.18.0.20240506)", "types-requests (==2.32.0.20240914)", "types-urllib3 (==1.26.25.14)", "tomli (>=2)", "pyright (==1.1.384)", "pytest (>=6.0)"]
test = ["pytest (>=8.0)", "defusedxml (>=0.7.1)", "cython (>=3.0)", "setuptools (>=70.0)", "typing_extensions (>=4.9)"]

[[package]]
name = "sphinx-rtd-theme"
version = "3.0.2"
description = "Read the Docs theme for Sphinx"
category = "main"
optional = false
python-versions = ">=3.8"

[package.dependencies]
docutils = ">0.18,<0.22"
sphinx = ">=6,<9"
sphinxcontrib-jquery = ">=4,<5"

[package.extras]
dev = ["transifex-client", "bump2version", "wheel", "twine"]

[[package]]
name = "sphinxcontrib-applehelp"
version = "2.0.0"
description = "sphinxcontrib-applehelp is a Sphinx extension which outputs Apple help books"
category = "main"
optional = false
python-versions = ">=3.9"

[package.extras]
lint = ["ruff (==0.5.5)", "mypy", "types-docutils"]
standalone = ["Sphinx (>=5)"]
test = ["pytest"]

[[package]]
name = "sphinxcontrib-devhelp"
version = "2.0.0"
description = "sphinxcontrib-devhelp is a sphinx extension which outputs Devhelp documents"
category = "main"
optional = false
python-versions = ">=3.9"

[package.extras]
lint = ["ruff (==0.5.5)", "mypy", "types-docutils"]
standalone = ["Sphinx (>=5)"]
test = ["pytest"]

[[package]]
name = "sphinxcontrib-htmlhelp"
version = "2.1.0"
description = "sphinxcontrib-htmlhelp is a sphinx extension which renders HTML help files"
category = "main"
optional = false
python-versions = ">=3.9"

[package.extras]
lint = ["ruff (==0.5.5)", "mypy", "types-docutils"]
standalone = ["Sphinx (>=5)"]
test = ["pytest", "html5lib"]

[[package]]
name = "sphinxcontrib-jquery"
version = "4.1"
description = "Extension to include jQuery on newer Sphinx releases"
category = "main"
optional = false
python-versions = ">=2.7"

[package.dependencies]
Sphinx = ">=1.8"

[[package]]
name = "sphinxcontrib-jsmath"
version = "1.0.1"
description = "A sphinx extension which renders display math in HTML via JavaScript"
category = "main"
optional = false
python-versions = ">=3.5"

[package.extras]
test = ["pytest", "flake8", "mypy"]

[[package]]
name = "sphinxcontrib-qthelp"
version = "2.0.0"
description = "sphinxcontrib-qthelp is a sphinx extension which outputs QtHelp documents"
category = "main"
optional = false
python-versions = ">=3.9"

[package.extras]
lint = ["ruff (==0.5.5)", "mypy", "types-docutils"]
standalone = ["Sphinx (>=5)"]
test = ["pytest", "defusedxml (>=0.7.1)"]

[[package]]
name = "sphinxcontrib-serializinghtml"
version = "2.0.0"
description = "sphinxcontrib-serializinghtml is a sphinx extension which outputs \"serialized\" HTML files (json and pickle)"
category = "main"
optional = false
python-versions = ">=3.9"

[package.extras]
lint = ["ruff (==0.5.5)", "mypy", "types-docutils"]
standalone = ["Sphinx (>=5)"]
test = ["pytest"]

[[package]]
name = "tomli"
version = "2.2.1"
description = "A lil' TOML parser"
category = "main"
optional = false
python-versions = ">=3.8"

[[package]]
name = "trio"
version = "0.29.0"
description = "A friendly Python library for async concurrency and I/O"
category = "main"
optional = false
python-versions = ">=3.9"

[package.dependencies]
attrs = ">=23.2.0"
cffi = {version = ">=1.14", markers = "os_name == \"nt\" and implementation_name != \"pypy\""}
exceptiongroup = {version = "*", markers = "python_version < \"3.11\""}
idna = "*"
outcome = "*"
sniffio = ">=1.3.0"
sortedcontainers = "*"

[[package]]
name = "trio-websocket"
version = "0.12.2"
description = "WebSocket library for Trio"
category = "main"
optional = false
python-versions = ">=3.8"

[package.dependencies]
exceptiongroup = {version = "*", markers = "python_version < \"3.11\""}
outcome = ">=1.2.0"
trio = ">=0.11"
wsproto = ">=0.14"

[[package]]
name = "types-python-dateutil"
version = "2.9.0.20241206"
description = "Typing stubs for python-dateutil"
category = "main"
optional = false
python-versions = ">=3.8"

[[package]]
name = "typing-extensions"
version = "4.13.0"
description = "Backported and Experimental Type Hints for Python 3.8+"
category = "main"
optional = false
python-versions = ">=3.8"

[[package]]
name = "urllib3"
version = "2.3.0"
description = "HTTP library with thread-safe connection pooling, file post, and more."
category = "main"
optional = false
python-versions = ">=3.9"

[package.dependencies]
pysocks = {version = ">=1.5.6,<1.5.7 || >1.5.7,<2.0", optional = true, markers = "extra == \"socks\""}

[package.extras]
brotli = ["brotli (>=1.0.9)", "brotlicffi (>=0.8.0)"]
h2 = ["h2 (>=4,<5)"]
socks = ["pysocks (>=1.5.6,!=1.5.7,<2.0)"]
zstd = ["zstandard (>=0.18.0)"]

[[package]]
name = "websocket-client"
version = "1.8.0"
description = "WebSocket client for Python with low level API options"
category = "main"
optional = false
python-versions = ">=3.8"

[package.extras]
docs = ["Sphinx (>=6.0)", "sphinx-rtd-theme (>=1.1.0)", "myst-parser (>=2.0.0)"]
optional = ["python-socks", "wsaccel"]
test = ["websockets"]

[[package]]
name = "wrapt"
version = "1.17.2"
description = "Module for decorators, wrappers and monkey patching."
category = "main"
optional = false
python-versions = ">=3.8"

[[package]]
name = "wsproto"
version = "1.2.0"
description = "WebSockets state-machine based protocol implementation"
category = "main"
optional = false
python-versions = ">=3.7.0"

[package.dependencies]
h11 = ">=0.9.0,<1"

[metadata]
lock-version = "1.1"
python-versions = "~3.10"
content-hash = "61d6793ec6dc6df7a4481d276769f39b1352f4b8e7a177b26491985d3beab7fe"

[metadata.files]
alabaster = []
anyio = []
arrow = []
attrs = []
babel = []
beautifulsoup4 = []
bibtexparser = []
certifi = []
cffi = []
charset-normalizer = []
colorama = []
deprecated = []
docutils = []
exceptiongroup = []
fake-useragent = []
free-proxy = []
h11 = []
httpcore = []
httpx = []
idna = []
imagesize = []
jinja2 = []
lxml = []
markupsafe = []
outcome = []
packaging = []
pycparser = []
pygments = []
pyparsing = []
pysocks = [
    {file = "PySocks-1.7.1-py27-none-any.whl", hash = "sha256:08e69f092cc6dbe92a0fdd16eeb9b9ffbc13cadfe5ca4c7bd92ffb078b293299"},
    {file = "PySocks-1.7.1-py3-none-any.whl", hash = "sha256:2725bd0a9925919b9b51739eea5f9e2bae91e83288108a9ad338b2e3a4435ee5"},
    {file = "PySocks-1.7.1.tar.gz", hash = "sha256:3f8804571ebe159c380ac6de37643bb4685970655d3bba243530d6558b799aa0"},
]
python-dateutil = []
python-dotenv = []
requests = []
scholarly = []
selenium = []
six = []
sniffio = []
snowballstemmer = []
sortedcontainers = [
    {file = "sortedcontainers-2.4.0-py2.py3-none-any.whl", hash = "sha256:a163dcaede0f1c021485e957a39245190e74249897e2ae4b2aa38595db237ee0"},
    {file = "sortedcontainers-2.4.0.tar.gz", hash = "sha256:25caa5a06cc30b6b83d11423433f65d1f9d76c4c6a0c90e3379eaa43b9bfdb88"},
]
soupsieve = []
sphinx = []
sphinx-rtd-theme = []
sphinxcontrib-applehelp = []
sphinxcontrib-devhelp = []
sphinxcontrib-htmlhelp = []
sphinxcontrib-jquery = []
sphinxcontrib-jsmath = []
sphinxcontrib-qthelp = []
sphinxcontrib-serializinghtml = []
tomli = []
trio = []
trio-websocket = []
types-python-dateutil = []
typing-extensions = []
urllib3 = []
websocket-client = []
wrapt = []
wsproto = []
